
Microsoft Visual Studio Solution File, Format Version 12.00
# Visual Studio 15
VisualStudioVersion = 15.0.27130.2027
MinimumVisualStudioVersion = 10.0.40219.1
Project("{FAE04EC0-301F-11D3-BF4B-00C04F79EFBC}") = "MantisAutomation", "Mantis Automation\MantisAutomation.csproj", "{15F8043F-F170-421B-B772-1535BE3FBCC0}"
EndProject
Global
	GlobalSection(SolutionConfigurationPlatforms) = preSolution
		Debug|Any CPU = Debug|Any CPU
		Release|Any CPU = Release|Any CPU
	EndGlobalSection
	GlobalSection(ProjectConfigurationPlatforms) = postSolution
		{15F8043F-F170-421B-B772-1535BE3FBCC0}.Debug|Any CPU.ActiveCfg = Debug|Any CPU
		{15F8043F-F170-421B-B772-1535BE3FBCC0}.Debug|Any CPU.Build.0 = Debug|Any CPU
		{15F8043F-F170-421B-B772-1535BE3FBCC0}.Release|Any CPU.ActiveCfg = Release|Any CPU
		{15F8043F-F170-421B-B772-1535BE3FBCC0}.Release|Any CPU.Build.0 = Release|Any CPU
	EndGlobalSection
	GlobalSection(SolutionProperties) = preSolution
		HideSolutionNode = FALSE
	EndGlobalSection
	GlobalSection(ExtensibilityGlobals) = postSolution
		SolutionGuid = {8501D5D4-C013-4780-98CE-5D3B4FF23C31}
	EndGlobalSection
EndGlobal
